<?xml version="1.0" encoding="utf-8"?>
<Project ToolsVersion="17.0" xmlns="http://schemas.microsoft.com/developer/msbuild/2003">
  <ItemGroup>
    <ClCompile Include="C:\Users\subto\Downloads\glfw-3.3.9\glfw-3.3.9\examples\splitview.c">
      <Filter>Source Files</Filter>
    </ClCompile>
    <ClCompile Include="C:\Users\subto\Downloads\glfw-3.3.9\glfw-3.3.9\deps\glad_gl.c">
      <Filter>Source Files</Filter>
    </ClCompile>
  </ItemGroup>
  <ItemGroup>
    <ClInclude Include="C:\Users\subto\Downloads\glfw-3.3.9\glfw-3.3.9\deps\glad\gl.h">
      <Filter>Header Files</Filter>
    </ClInclude>
  </ItemGroup>
  <ItemGroup>
    <CustomBuild Include="C:\Users\subto\Downloads\glfw-3.3.9\glfw-3.3.9\examples\CMakeLists.txt" />
  </ItemGroup>
  <ItemGroup>
    <ResourceCompile Include="C:\Users\subto\Downloads\glfw-3.3.9\glfw-3.3.9\examples\glfw.rc">
      <Filter>Source Files</Filter>
    </ResourceCompile>
  </ItemGroup>
  <ItemGroup>
    <Filter Include="Header Files">
      <UniqueIdentifier>{7B208592-B412-3506-A22D-C4DE92888AB0}</UniqueIdentifier>
    </Filter>
    <Filter Include="Source Files">
      <UniqueIdentifier>{0419C649-AE5C-32BF-AE3F-33463A6EBC71}</UniqueIdentifier>
    </Filter>
  </ItemGroup>
</Project>
