
Microsoft Visual Studio Solution File, Format Version 12.00
# Visual Studio Version 17
Project("{2150E333-8FDC-42A3-9474-1A3956D46DE8}") = "CMakePredefinedTargets", "CMakePredefinedTargets", "{62012D71-BBC5-33FB-9EC3-B426D9C06138}"
EndProject
Project("{2150E333-8FDC-42A3-9474-1A3956D46DE8}") = "GLFW3", "GLFW3", "{7D5DF20A-7747-396B-AA5F-582F8553A0A2}"
EndProject
Project("{2150E333-8FDC-42A3-9474-1A3956D46DE8}") = "Examples", "GLFW3\Examples", "{5BD65CE3-E47A-375C-817C-4CB0B7A2E5B9}"
EndProject
Project("{2150E333-8FDC-42A3-9474-1A3956D46DE8}") = "Tests", "GLFW3\Tests", "{D4E197E4-3027-3921-AA21-1360F6B2D95C}"
EndProject
Project("{8BC9CEB8-8B4A-11D0-8D11-00A0C91BC942}") = "ALL_BUILD", "ALL_BUILD.vcxproj", "{57544AF7-9731-370A-80C7-3BF891026DD2}"
	ProjectSection(ProjectDependencies) = postProject
		{53C5DA7A-2DFA-389B-BC16-E6142D55EF27} = {53C5DA7A-2DFA-389B-BC16-E6142D55EF27}
		{8E1EDD3A-2A9B-3C62-8498-489C42457AF3} = {8E1EDD3A-2A9B-3C62-8498-489C42457AF3}
		{EBA2E585-6BE1-379B-AD3E-8675CC5DC260} = {EBA2E585-6BE1-379B-AD3E-8675CC5DC260}
		{E15491B4-C8BC-3019-8DD6-06FF96BFF486} = {E15491B4-C8BC-3019-8DD6-06FF96BFF486}
		{EABC78EE-A66A-37E1-AB11-45F66447BB7E} = {EABC78EE-A66A-37E1-AB11-45F66447BB7E}
		{9A5A5369-C74D-3953-A53A-B1B42313CBA1} = {9A5A5369-C74D-3953-A53A-B1B42313CBA1}
		{7068CCEE-14C7-3FE9-AB05-113A82C231A2} = {7068CCEE-14C7-3FE9-AB05-113A82C231A2}
		{EB75467E-2444-3244-9EF4-FF2A7D496244} = {EB75467E-2444-3244-9EF4-FF2A7D496244}
		{C001A723-5A65-3BD9-8ED6-16EB7884B49F} = {C001A723-5A65-3BD9-8ED6-16EB7884B49F}
		{5CAE21A0-FACE-3F4F-9793-73D95D38AF13} = {5CAE21A0-FACE-3F4F-9793-73D95D38AF13}
		{3076F1CD-5A1D-3787-A7C8-C98C4FA802FE} = {3076F1CD-5A1D-3787-A7C8-C98C4FA802FE}
		{65F315BF-7731-35B4-8426-B1C6CF066E13} = {65F315BF-7731-35B4-8426-B1C6CF066E13}
		{7FC368BF-D524-3F33-820B-39C2F1595557} = {7FC368BF-D524-3F33-820B-39C2F1595557}
		{956904A4-81B3-31E3-BFE4-A0D467BCFE17} = {956904A4-81B3-31E3-BFE4-A0D467BCFE17}
		{999AB884-4916-339D-AA14-AAFFF4FCA8CB} = {999AB884-4916-339D-AA14-AAFFF4FCA8CB}
		{3509E1B0-CAF3-38D7-9E96-712EC70B5560} = {3509E1B0-CAF3-38D7-9E96-712EC70B5560}
		{54485819-E851-3E81-838B-F84E996269E1} = {54485819-E851-3E81-838B-F84E996269E1}
		{7DE1F5D9-5F02-3836-AB7F-3CED09BA09F0} = {7DE1F5D9-5F02-3836-AB7F-3CED09BA09F0}
		{0A4779E9-264B-3458-8590-E7CCFF62AD83} = {0A4779E9-264B-3458-8590-E7CCFF62AD83}
		{5EC3CB89-A3C3-315A-80BB-349645E5379D} = {5EC3CB89-A3C3-315A-80BB-349645E5379D}
		{3EBD8EDE-0490-32FE-A9EA-EF6BD6AAB2F7} = {3EBD8EDE-0490-32FE-A9EA-EF6BD6AAB2F7}
		{C063F8D4-6607-3844-8F2F-1593DBDAF68C} = {C063F8D4-6607-3844-8F2F-1593DBDAF68C}
		{C1E5DE57-46EA-39A9-BA26-9203D6760B6A} = {C1E5DE57-46EA-39A9-BA26-9203D6760B6A}
		{D9F5599D-A354-3F8A-8E02-09E1BCC8200F} = {D9F5599D-A354-3F8A-8E02-09E1BCC8200F}
		{552F2391-25B8-3365-9F93-AC516C30BC1F} = {552F2391-25B8-3365-9F93-AC516C30BC1F}
		{FD193738-236A-32E5-B34E-EF5C706A5BC1} = {FD193738-236A-32E5-B34E-EF5C706A5BC1}
		{F4746D8C-FA34-3046-9D29-763EC49A666D} = {F4746D8C-FA34-3046-9D29-763EC49A666D}
		{79AB7CC4-D749-3D5F-8325-65FEE11545AE} = {79AB7CC4-D749-3D5F-8325-65FEE11545AE}
		{B5B80EB7-E291-333B-8868-3C939FF9335A} = {B5B80EB7-E291-333B-8868-3C939FF9335A}
		{E2A77743-BEB7-3B0F-8216-9F35C8AC8586} = {E2A77743-BEB7-3B0F-8216-9F35C8AC8586}
		{DE6138F6-2729-371D-87D5-1DDE01730D1E} = {DE6138F6-2729-371D-87D5-1DDE01730D1E}
	EndProjectSection
EndProject
Project("{8BC9CEB8-8B4A-11D0-8D11-00A0C91BC942}") = "INSTALL", "INSTALL.vcxproj", "{B495452C-C98F-385E-9D04-D471EE378751}"
	ProjectSection(ProjectDependencies) = postProject
		{57544AF7-9731-370A-80C7-3BF891026DD2} = {57544AF7-9731-370A-80C7-3BF891026DD2}
		{53C5DA7A-2DFA-389B-BC16-E6142D55EF27} = {53C5DA7A-2DFA-389B-BC16-E6142D55EF27}
	EndProjectSection
EndProject
Project("{8BC9CEB8-8B4A-11D0-8D11-00A0C91BC942}") = "ZERO_CHECK", "ZERO_CHECK.vcxproj", "{53C5DA7A-2DFA-389B-BC16-E6142D55EF27}"
	ProjectSection(ProjectDependencies) = postProject
	EndProjectSection
EndProject
Project("{8BC9CEB8-8B4A-11D0-8D11-00A0C91BC942}") = "boing", "examples\boing.vcxproj", "{8E1EDD3A-2A9B-3C62-8498-489C42457AF3}"
	ProjectSection(ProjectDependencies) = postProject
		{53C5DA7A-2DFA-389B-BC16-E6142D55EF27} = {53C5DA7A-2DFA-389B-BC16-E6142D55EF27}
		{C001A723-5A65-3BD9-8ED6-16EB7884B49F} = {C001A723-5A65-3BD9-8ED6-16EB7884B49F}
	EndProjectSection
EndProject
Project("{8BC9CEB8-8B4A-11D0-8D11-00A0C91BC942}") = "clipboard", "tests\clipboard.vcxproj", "{EBA2E585-6BE1-379B-AD3E-8675CC5DC260}"
	ProjectSection(ProjectDependencies) = postProject
		{53C5DA7A-2DFA-389B-BC16-E6142D55EF27} = {53C5DA7A-2DFA-389B-BC16-E6142D55EF27}
		{C001A723-5A65-3BD9-8ED6-16EB7884B49F} = {C001A723-5A65-3BD9-8ED6-16EB7884B49F}
	EndProjectSection
EndProject
Project("{8BC9CEB8-8B4A-11D0-8D11-00A0C91BC942}") = "cursor", "tests\cursor.vcxproj", "{E15491B4-C8BC-3019-8DD6-06FF96BFF486}"
	ProjectSection(ProjectDependencies) = postProject
		{53C5DA7A-2DFA-389B-BC16-E6142D55EF27} = {53C5DA7A-2DFA-389B-BC16-E6142D55EF27}
		{C001A723-5A65-3BD9-8ED6-16EB7884B49F} = {C001A723-5A65-3BD9-8ED6-16EB7884B49F}
	EndProjectSection
EndProject
Project("{8BC9CEB8-8B4A-11D0-8D11-00A0C91BC942}") = "empty", "tests\empty.vcxproj", "{EABC78EE-A66A-37E1-AB11-45F66447BB7E}"
	ProjectSection(ProjectDependencies) = postProject
		{53C5DA7A-2DFA-389B-BC16-E6142D55EF27} = {53C5DA7A-2DFA-389B-BC16-E6142D55EF27}
		{C001A723-5A65-3BD9-8ED6-16EB7884B49F} = {C001A723-5A65-3BD9-8ED6-16EB7884B49F}
	EndProjectSection
EndProject
Project("{8BC9CEB8-8B4A-11D0-8D11-00A0C91BC942}") = "events", "tests\events.vcxproj", "{9A5A5369-C74D-3953-A53A-B1B42313CBA1}"
	ProjectSection(ProjectDependencies) = postProject
		{53C5DA7A-2DFA-389B-BC16-E6142D55EF27} = {53C5DA7A-2DFA-389B-BC16-E6142D55EF27}
		{C001A723-5A65-3BD9-8ED6-16EB7884B49F} = {C001A723-5A65-3BD9-8ED6-16EB7884B49F}
	EndProjectSection
EndProject
Project("{8BC9CEB8-8B4A-11D0-8D11-00A0C91BC942}") = "gamma", "tests\gamma.vcxproj", "{7068CCEE-14C7-3FE9-AB05-113A82C231A2}"
	ProjectSection(ProjectDependencies) = postProject
		{53C5DA7A-2DFA-389B-BC16-E6142D55EF27} = {53C5DA7A-2DFA-389B-BC16-E6142D55EF27}
		{C001A723-5A65-3BD9-8ED6-16EB7884B49F} = {C001A723-5A65-3BD9-8ED6-16EB7884B49F}
	EndProjectSection
EndProject
Project("{8BC9CEB8-8B4A-11D0-8D11-00A0C91BC942}") = "gears", "examples\gears.vcxproj", "{EB75467E-2444-3244-9EF4-FF2A7D496244}"
	ProjectSection(ProjectDependencies) = postProject
		{53C5DA7A-2DFA-389B-BC16-E6142D55EF27} = {53C5DA7A-2DFA-389B-BC16-E6142D55EF27}
		{C001A723-5A65-3BD9-8ED6-16EB7884B49F} = {C001A723-5A65-3BD9-8ED6-16EB7884B49F}
	EndProjectSection
EndProject
Project("{8BC9CEB8-8B4A-11D0-8D11-00A0C91BC942}") = "glfw", "src\glfw.vcxproj", "{C001A723-5A65-3BD9-8ED6-16EB7884B49F}"
	ProjectSection(ProjectDependencies) = postProject
		{53C5DA7A-2DFA-389B-BC16-E6142D55EF27} = {53C5DA7A-2DFA-389B-BC16-E6142D55EF27}
	EndProjectSection
EndProject
Project("{8BC9CEB8-8B4A-11D0-8D11-00A0C91BC942}") = "glfwinfo", "tests\glfwinfo.vcxproj", "{5CAE21A0-FACE-3F4F-9793-73D95D38AF13}"
	ProjectSection(ProjectDependencies) = postProject
		{53C5DA7A-2DFA-389B-BC16-E6142D55EF27} = {53C5DA7A-2DFA-389B-BC16-E6142D55EF27}
		{C001A723-5A65-3BD9-8ED6-16EB7884B49F} = {C001A723-5A65-3BD9-8ED6-16EB7884B49F}
	EndProjectSection
EndProject
Project("{8BC9CEB8-8B4A-11D0-8D11-00A0C91BC942}") = "heightmap", "examples\heightmap.vcxproj", "{3076F1CD-5A1D-3787-A7C8-C98C4FA802FE}"
	ProjectSection(ProjectDependencies) = postProject
		{53C5DA7A-2DFA-389B-BC16-E6142D55EF27} = {53C5DA7A-2DFA-389B-BC16-E6142D55EF27}
		{C001A723-5A65-3BD9-8ED6-16EB7884B49F} = {C001A723-5A65-3BD9-8ED6-16EB7884B49F}
	EndProjectSection
EndProject
Project("{8BC9CEB8-8B4A-11D0-8D11-00A0C91BC942}") = "icon", "tests\icon.vcxproj", "{65F315BF-7731-35B4-8426-B1C6CF066E13}"
	ProjectSection(ProjectDependencies) = postProject
		{53C5DA7A-2DFA-389B-BC16-E6142D55EF27} = {53C5DA7A-2DFA-389B-BC16-E6142D55EF27}
		{C001A723-5A65-3BD9-8ED6-16EB7884B49F} = {C001A723-5A65-3BD9-8ED6-16EB7884B49F}
	EndProjectSection
EndProject
Project("{8BC9CEB8-8B4A-11D0-8D11-00A0C91BC942}") = "iconify", "tests\iconify.vcxproj", "{7FC368BF-D524-3F33-820B-39C2F1595557}"
	ProjectSection(ProjectDependencies) = postProject
		{53C5DA7A-2DFA-389B-BC16-E6142D55EF27} = {53C5DA7A-2DFA-389B-BC16-E6142D55EF27}
		{C001A723-5A65-3BD9-8ED6-16EB7884B49F} = {C001A723-5A65-3BD9-8ED6-16EB7884B49F}
	EndProjectSection
EndProject
Project("{8BC9CEB8-8B4A-11D0-8D11-00A0C91BC942}") = "inputlag", "tests\inputlag.vcxproj", "{956904A4-81B3-31E3-BFE4-A0D467BCFE17}"
	ProjectSection(ProjectDependencies) = postProject
		{53C5DA7A-2DFA-389B-BC16-E6142D55EF27} = {53C5DA7A-2DFA-389B-BC16-E6142D55EF27}
		{C001A723-5A65-3BD9-8ED6-16EB7884B49F} = {C001A723-5A65-3BD9-8ED6-16EB7884B49F}
	EndProjectSection
EndProject
Project("{8BC9CEB8-8B4A-11D0-8D11-00A0C91BC942}") = "joysticks", "tests\joysticks.vcxproj", "{999AB884-4916-339D-AA14-AAFFF4FCA8CB}"
	ProjectSection(ProjectDependencies) = postProject
		{53C5DA7A-2DFA-389B-BC16-E6142D55EF27} = {53C5DA7A-2DFA-389B-BC16-E6142D55EF27}
		{C001A723-5A65-3BD9-8ED6-16EB7884B49F} = {C001A723-5A65-3BD9-8ED6-16EB7884B49F}
	EndProjectSection
EndProject
Project("{8BC9CEB8-8B4A-11D0-8D11-00A0C91BC942}") = "monitors", "tests\monitors.vcxproj", "{3509E1B0-CAF3-38D7-9E96-712EC70B5560}"
	ProjectSection(ProjectDependencies) = postProject
		{53C5DA7A-2DFA-389B-BC16-E6142D55EF27} = {53C5DA7A-2DFA-389B-BC16-E6142D55EF27}
		{C001A723-5A65-3BD9-8ED6-16EB7884B49F} = {C001A723-5A65-3BD9-8ED6-16EB7884B49F}
	EndProjectSection
EndProject
Project("{8BC9CEB8-8B4A-11D0-8D11-00A0C91BC942}") = "msaa", "tests\msaa.vcxproj", "{54485819-E851-3E81-838B-F84E996269E1}"
	ProjectSection(ProjectDependencies) = postProject
		{53C5DA7A-2DFA-389B-BC16-E6142D55EF27} = {53C5DA7A-2DFA-389B-BC16-E6142D55EF27}
		{C001A723-5A65-3BD9-8ED6-16EB7884B49F} = {C001A723-5A65-3BD9-8ED6-16EB7884B49F}
	EndProjectSection
EndProject
Project("{8BC9CEB8-8B4A-11D0-8D11-00A0C91BC942}") = "offscreen", "examples\offscreen.vcxproj", "{7DE1F5D9-5F02-3836-AB7F-3CED09BA09F0}"
	ProjectSection(ProjectDependencies) = postProject
		{53C5DA7A-2DFA-389B-BC16-E6142D55EF27} = {53C5DA7A-2DFA-389B-BC16-E6142D55EF27}
		{C001A723-5A65-3BD9-8ED6-16EB7884B49F} = {C001A723-5A65-3BD9-8ED6-16EB7884B49F}
	EndProjectSection
EndProject
Project("{8BC9CEB8-8B4A-11D0-8D11-00A0C91BC942}") = "opacity", "tests\opacity.vcxproj", "{0A4779E9-264B-3458-8590-E7CCFF62AD83}"
	ProjectSection(ProjectDependencies) = postProject
		{53C5DA7A-2DFA-389B-BC16-E6142D55EF27} = {53C5DA7A-2DFA-389B-BC16-E6142D55EF27}
		{C001A723-5A65-3BD9-8ED6-16EB7884B49F} = {C001A723-5A65-3BD9-8ED6-16EB7884B49F}
	EndProjectSection
EndProject
Project("{8BC9CEB8-8B4A-11D0-8D11-00A0C91BC942}") = "particles", "examples\particles.vcxproj", "{5EC3CB89-A3C3-315A-80BB-349645E5379D}"
	ProjectSection(ProjectDependencies) = postProject
		{53C5DA7A-2DFA-389B-BC16-E6142D55EF27} = {53C5DA7A-2DFA-389B-BC16-E6142D55EF27}
		{C001A723-5A65-3BD9-8ED6-16EB7884B49F} = {C001A723-5A65-3BD9-8ED6-16EB7884B49F}
	EndProjectSection
EndProject
Project("{8BC9CEB8-8B4A-11D0-8D11-00A0C91BC942}") = "reopen", "tests\reopen.vcxproj", "{3EBD8EDE-0490-32FE-A9EA-EF6BD6AAB2F7}"
	ProjectSection(ProjectDependencies) = postProject
		{53C5DA7A-2DFA-389B-BC16-E6142D55EF27} = {53C5DA7A-2DFA-389B-BC16-E6142D55EF27}
		{C001A723-5A65-3BD9-8ED6-16EB7884B49F} = {C001A723-5A65-3BD9-8ED6-16EB7884B49F}
	EndProjectSection
EndProject
Project("{8BC9CEB8-8B4A-11D0-8D11-00A0C91BC942}") = "sharing", "examples\sharing.vcxproj", "{C063F8D4-6607-3844-8F2F-1593DBDAF68C}"
	ProjectSection(ProjectDependencies) = postProject
		{53C5DA7A-2DFA-389B-BC16-E6142D55EF27} = {53C5DA7A-2DFA-389B-BC16-E6142D55EF27}
		{C001A723-5A65-3BD9-8ED6-16EB7884B49F} = {C001A723-5A65-3BD9-8ED6-16EB7884B49F}
	EndProjectSection
EndProject
Project("{8BC9CEB8-8B4A-11D0-8D11-00A0C91BC942}") = "simple", "examples\simple.vcxproj", "{C1E5DE57-46EA-39A9-BA26-9203D6760B6A}"
	ProjectSection(ProjectDependencies) = postProject
		{53C5DA7A-2DFA-389B-BC16-E6142D55EF27} = {53C5DA7A-2DFA-389B-BC16-E6142D55EF27}
		{C001A723-5A65-3BD9-8ED6-16EB7884B49F} = {C001A723-5A65-3BD9-8ED6-16EB7884B49F}
	EndProjectSection
EndProject
Project("{8BC9CEB8-8B4A-11D0-8D11-00A0C91BC942}") = "splitview", "examples\splitview.vcxproj", "{D9F5599D-A354-3F8A-8E02-09E1BCC8200F}"
	ProjectSection(ProjectDependencies) = postProject
		{53C5DA7A-2DFA-389B-BC16-E6142D55EF27} = {53C5DA7A-2DFA-389B-BC16-E6142D55EF27}
		{C001A723-5A65-3BD9-8ED6-16EB7884B49F} = {C001A723-5A65-3BD9-8ED6-16EB7884B49F}
	EndProjectSection
EndProject
Project("{8BC9CEB8-8B4A-11D0-8D11-00A0C91BC942}") = "tearing", "tests\tearing.vcxproj", "{552F2391-25B8-3365-9F93-AC516C30BC1F}"
	ProjectSection(ProjectDependencies) = postProject
		{53C5DA7A-2DFA-389B-BC16-E6142D55EF27} = {53C5DA7A-2DFA-389B-BC16-E6142D55EF27}
		{C001A723-5A65-3BD9-8ED6-16EB7884B49F} = {C001A723-5A65-3BD9-8ED6-16EB7884B49F}
	EndProjectSection
EndProject
Project("{8BC9CEB8-8B4A-11D0-8D11-00A0C91BC942}") = "threads", "tests\threads.vcxproj", "{FD193738-236A-32E5-B34E-EF5C706A5BC1}"
	ProjectSection(ProjectDependencies) = postProject
		{53C5DA7A-2DFA-389B-BC16-E6142D55EF27} = {53C5DA7A-2DFA-389B-BC16-E6142D55EF27}
		{C001A723-5A65-3BD9-8ED6-16EB7884B49F} = {C001A723-5A65-3BD9-8ED6-16EB7884B49F}
	EndProjectSection
EndProject
Project("{8BC9CEB8-8B4A-11D0-8D11-00A0C91BC942}") = "timeout", "tests\timeout.vcxproj", "{F4746D8C-FA34-3046-9D29-763EC49A666D}"
	ProjectSection(ProjectDependencies) = postProject
		{53C5DA7A-2DFA-389B-BC16-E6142D55EF27} = {53C5DA7A-2DFA-389B-BC16-E6142D55EF27}
		{C001A723-5A65-3BD9-8ED6-16EB7884B49F} = {C001A723-5A65-3BD9-8ED6-16EB7884B49F}
	EndProjectSection
EndProject
Project("{8BC9CEB8-8B4A-11D0-8D11-00A0C91BC942}") = "title", "tests\title.vcxproj", "{79AB7CC4-D749-3D5F-8325-65FEE11545AE}"
	ProjectSection(ProjectDependencies) = postProject
		{53C5DA7A-2DFA-389B-BC16-E6142D55EF27} = {53C5DA7A-2DFA-389B-BC16-E6142D55EF27}
		{C001A723-5A65-3BD9-8ED6-16EB7884B49F} = {C001A723-5A65-3BD9-8ED6-16EB7884B49F}
	EndProjectSection
EndProject
Project("{8BC9CEB8-8B4A-11D0-8D11-00A0C91BC942}") = "triangle-vulkan", "tests\triangle-vulkan.vcxproj", "{B5B80EB7-E291-333B-8868-3C939FF9335A}"
	ProjectSection(ProjectDependencies) = postProject
		{53C5DA7A-2DFA-389B-BC16-E6142D55EF27} = {53C5DA7A-2DFA-389B-BC16-E6142D55EF27}
		{C001A723-5A65-3BD9-8ED6-16EB7884B49F} = {C001A723-5A65-3BD9-8ED6-16EB7884B49F}
	EndProjectSection
EndProject
Project("{8BC9CEB8-8B4A-11D0-8D11-00A0C91BC942}") = "uninstall", "uninstall.vcxproj", "{E3214557-2ED1-3523-9283-770C85462A62}"
	ProjectSection(ProjectDependencies) = postProject
		{53C5DA7A-2DFA-389B-BC16-E6142D55EF27} = {53C5DA7A-2DFA-389B-BC16-E6142D55EF27}
	EndProjectSection
EndProject
Project("{8BC9CEB8-8B4A-11D0-8D11-00A0C91BC942}") = "update_mappings", "src\update_mappings.vcxproj", "{58106AFC-2726-3943-B188-BB85A4C0000E}"
	ProjectSection(ProjectDependencies) = postProject
		{53C5DA7A-2DFA-389B-BC16-E6142D55EF27} = {53C5DA7A-2DFA-389B-BC16-E6142D55EF27}
	EndProjectSection
EndProject
Project("{8BC9CEB8-8B4A-11D0-8D11-00A0C91BC942}") = "wave", "examples\wave.vcxproj", "{E2A77743-BEB7-3B0F-8216-9F35C8AC8586}"
	ProjectSection(ProjectDependencies) = postProject
		{53C5DA7A-2DFA-389B-BC16-E6142D55EF27} = {53C5DA7A-2DFA-389B-BC16-E6142D55EF27}
		{C001A723-5A65-3BD9-8ED6-16EB7884B49F} = {C001A723-5A65-3BD9-8ED6-16EB7884B49F}
	EndProjectSection
EndProject
Project("{8BC9CEB8-8B4A-11D0-8D11-00A0C91BC942}") = "windows", "tests\windows.vcxproj", "{DE6138F6-2729-371D-87D5-1DDE01730D1E}"
	ProjectSection(ProjectDependencies) = postProject
		{53C5DA7A-2DFA-389B-BC16-E6142D55EF27} = {53C5DA7A-2DFA-389B-BC16-E6142D55EF27}
		{C001A723-5A65-3BD9-8ED6-16EB7884B49F} = {C001A723-5A65-3BD9-8ED6-16EB7884B49F}
	EndProjectSection
EndProject
Global
	GlobalSection(SolutionConfigurationPlatforms) = preSolution
		Debug|x64 = Debug|x64
		Release|x64 = Release|x64
		MinSizeRel|x64 = MinSizeRel|x64
		RelWithDebInfo|x64 = RelWithDebInfo|x64
	EndGlobalSection
	GlobalSection(ProjectConfigurationPlatforms) = postSolution
		{57544AF7-9731-370A-80C7-3BF891026DD2}.Debug|x64.ActiveCfg = Debug|x64
		{57544AF7-9731-370A-80C7-3BF891026DD2}.Debug|x64.Build.0 = Debug|x64
		{57544AF7-9731-370A-80C7-3BF891026DD2}.Release|x64.ActiveCfg = Release|x64
		{57544AF7-9731-370A-80C7-3BF891026DD2}.Release|x64.Build.0 = Release|x64
		{57544AF7-9731-370A-80C7-3BF891026DD2}.MinSizeRel|x64.ActiveCfg = MinSizeRel|x64
		{57544AF7-9731-370A-80C7-3BF891026DD2}.MinSizeRel|x64.Build.0 = MinSizeRel|x64
		{57544AF7-9731-370A-80C7-3BF891026DD2}.RelWithDebInfo|x64.ActiveCfg = RelWithDebInfo|x64
		{57544AF7-9731-370A-80C7-3BF891026DD2}.RelWithDebInfo|x64.Build.0 = RelWithDebInfo|x64
		{B495452C-C98F-385E-9D04-D471EE378751}.Debug|x64.ActiveCfg = Debug|x64
		{B495452C-C98F-385E-9D04-D471EE378751}.Release|x64.ActiveCfg = Release|x64
		{B495452C-C98F-385E-9D04-D471EE378751}.MinSizeRel|x64.ActiveCfg = MinSizeRel|x64
		{B495452C-C98F-385E-9D04-D471EE378751}.RelWithDebInfo|x64.ActiveCfg = RelWithDebInfo|x64
		{53C5DA7A-2DFA-389B-BC16-E6142D55EF27}.Debug|x64.ActiveCfg = Debug|x64
		{53C5DA7A-2DFA-389B-BC16-E6142D55EF27}.Debug|x64.Build.0 = Debug|x64
		{53C5DA7A-2DFA-389B-BC16-E6142D55EF27}.Release|x64.ActiveCfg = Release|x64
		{53C5DA7A-2DFA-389B-BC16-E6142D55EF27}.Release|x64.Build.0 = Release|x64
		{53C5DA7A-2DFA-389B-BC16-E6142D55EF27}.MinSizeRel|x64.ActiveCfg = MinSizeRel|x64
		{53C5DA7A-2DFA-389B-BC16-E6142D55EF27}.MinSizeRel|x64.Build.0 = MinSizeRel|x64
		{53C5DA7A-2DFA-389B-BC16-E6142D55EF27}.RelWithDebInfo|x64.ActiveCfg = RelWithDebInfo|x64
		{53C5DA7A-2DFA-389B-BC16-E6142D55EF27}.RelWithDebInfo|x64.Build.0 = RelWithDebInfo|x64
		{8E1EDD3A-2A9B-3C62-8498-489C42457AF3}.Debug|x64.ActiveCfg = Debug|x64
		{8E1EDD3A-2A9B-3C62-8498-489C42457AF3}.Debug|x64.Build.0 = Debug|x64
		{8E1EDD3A-2A9B-3C62-8498-489C42457AF3}.Release|x64.ActiveCfg = Release|x64
		{8E1EDD3A-2A9B-3C62-8498-489C42457AF3}.Release|x64.Build.0 = Release|x64
		{8E1EDD3A-2A9B-3C62-8498-489C42457AF3}.MinSizeRel|x64.ActiveCfg = MinSizeRel|x64
		{8E1EDD3A-2A9B-3C62-8498-489C42457AF3}.MinSizeRel|x64.Build.0 = MinSizeRel|x64
		{8E1EDD3A-2A9B-3C62-8498-489C42457AF3}.RelWithDebInfo|x64.ActiveCfg = RelWithDebInfo|x64
		{8E1EDD3A-2A9B-3C62-8498-489C42457AF3}.RelWithDebInfo|x64.Build.0 = RelWithDebInfo|x64
		{EBA2E585-6BE1-379B-AD3E-8675CC5DC260}.Debug|x64.ActiveCfg = Debug|x64
		{EBA2E585-6BE1-379B-AD3E-8675CC5DC260}.Debug|x64.Build.0 = Debug|x64
		{EBA2E585-6BE1-379B-AD3E-8675CC5DC260}.Release|x64.ActiveCfg = Release|x64
		{EBA2E585-6BE1-379B-AD3E-8675CC5DC260}.Release|x64.Build.0 = Release|x64
		{EBA2E585-6BE1-379B-AD3E-8675CC5DC260}.MinSizeRel|x64.ActiveCfg = MinSizeRel|x64
		{EBA2E585-6BE1-379B-AD3E-8675CC5DC260}.MinSizeRel|x64.Build.0 = MinSizeRel|x64
		{EBA2E585-6BE1-379B-AD3E-8675CC5DC260}.RelWithDebInfo|x64.ActiveCfg = RelWithDebInfo|x64
		{EBA2E585-6BE1-379B-AD3E-8675CC5DC260}.RelWithDebInfo|x64.Build.0 = RelWithDebInfo|x64
		{E15491B4-C8BC-3019-8DD6-06FF96BFF486}.Debug|x64.ActiveCfg = Debug|x64
		{E15491B4-C8BC-3019-8DD6-06FF96BFF486}.Debug|x64.Build.0 = Debug|x64
		{E15491B4-C8BC-3019-8DD6-06FF96BFF486}.Release|x64.ActiveCfg = Release|x64
		{E15491B4-C8BC-3019-8DD6-06FF96BFF486}.Release|x64.Build.0 = Release|x64
		{E15491B4-C8BC-3019-8DD6-06FF96BFF486}.MinSizeRel|x64.ActiveCfg = MinSizeRel|x64
		{E15491B4-C8BC-3019-8DD6-06FF96BFF486}.MinSizeRel|x64.Build.0 = MinSizeRel|x64
		{E15491B4-C8BC-3019-8DD6-06FF96BFF486}.RelWithDebInfo|x64.ActiveCfg = RelWithDebInfo|x64
		{E15491B4-C8BC-3019-8DD6-06FF96BFF486}.RelWithDebInfo|x64.Build.0 = RelWithDebInfo|x64
		{EABC78EE-A66A-37E1-AB11-45F66447BB7E}.Debug|x64.ActiveCfg = Debug|x64
		{EABC78EE-A66A-37E1-AB11-45F66447BB7E}.Debug|x64.Build.0 = Debug|x64
		{EABC78EE-A66A-37E1-AB11-45F66447BB7E}.Release|x64.ActiveCfg = Release|x64
		{EABC78EE-A66A-37E1-AB11-45F66447BB7E}.Release|x64.Build.0 = Release|x64
		{EABC78EE-A66A-37E1-AB11-45F66447BB7E}.MinSizeRel|x64.ActiveCfg = MinSizeRel|x64
		{EABC78EE-A66A-37E1-AB11-45F66447BB7E}.MinSizeRel|x64.Build.0 = MinSizeRel|x64
		{EABC78EE-A66A-37E1-AB11-45F66447BB7E}.RelWithDebInfo|x64.ActiveCfg = RelWithDebInfo|x64
		{EABC78EE-A66A-37E1-AB11-45F66447BB7E}.RelWithDebInfo|x64.Build.0 = RelWithDebInfo|x64
		{9A5A5369-C74D-3953-A53A-B1B42313CBA1}.Debug|x64.ActiveCfg = Debug|x64
		{9A5A5369-C74D-3953-A53A-B1B42313CBA1}.Debug|x64.Build.0 = Debug|x64
		{9A5A5369-C74D-3953-A53A-B1B42313CBA1}.Release|x64.ActiveCfg = Release|x64
		{9A5A5369-C74D-3953-A53A-B1B42313CBA1}.Release|x64.Build.0 = Release|x64
		{9A5A5369-C74D-3953-A53A-B1B42313CBA1}.MinSizeRel|x64.ActiveCfg = MinSizeRel|x64
		{9A5A5369-C74D-3953-A53A-B1B42313CBA1}.MinSizeRel|x64.Build.0 = MinSizeRel|x64
		{9A5A5369-C74D-3953-A53A-B1B42313CBA1}.RelWithDebInfo|x64.ActiveCfg = RelWithDebInfo|x64
		{9A5A5369-C74D-3953-A53A-B1B42313CBA1}.RelWithDebInfo|x64.Build.0 = RelWithDebInfo|x64
		{7068CCEE-14C7-3FE9-AB05-113A82C231A2}.Debug|x64.ActiveCfg = Debug|x64
		{7068CCEE-14C7-3FE9-AB05-113A82C231A2}.Debug|x64.Build.0 = Debug|x64
		{7068CCEE-14C7-3FE9-AB05-113A82C231A2}.Release|x64.ActiveCfg = Release|x64
		{7068CCEE-14C7-3FE9-AB05-113A82C231A2}.Release|x64.Build.0 = Release|x64
		{7068CCEE-14C7-3FE9-AB05-113A82C231A2}.MinSizeRel|x64.ActiveCfg = MinSizeRel|x64
		{7068CCEE-14C7-3FE9-AB05-113A82C231A2}.MinSizeRel|x64.Build.0 = MinSizeRel|x64
		{7068CCEE-14C7-3FE9-AB05-113A82C231A2}.RelWithDebInfo|x64.ActiveCfg = RelWithDebInfo|x64
		{7068CCEE-14C7-3FE9-AB05-113A82C231A2}.RelWithDebInfo|x64.Build.0 = RelWithDebInfo|x64
		{EB75467E-2444-3244-9EF4-FF2A7D496244}.Debug|x64.ActiveCfg = Debug|x64
		{EB75467E-2444-3244-9EF4-FF2A7D496244}.Debug|x64.Build.0 = Debug|x64
		{EB75467E-2444-3244-9EF4-FF2A7D496244}.Release|x64.ActiveCfg = Release|x64
		{EB75467E-2444-3244-9EF4-FF2A7D496244}.Release|x64.Build.0 = Release|x64
		{EB75467E-2444-3244-9EF4-FF2A7D496244}.MinSizeRel|x64.ActiveCfg = MinSizeRel|x64
		{EB75467E-2444-3244-9EF4-FF2A7D496244}.MinSizeRel|x64.Build.0 = MinSizeRel|x64
		{EB75467E-2444-3244-9EF4-FF2A7D496244}.RelWithDebInfo|x64.ActiveCfg = RelWithDebInfo|x64
		{EB75467E-2444-3244-9EF4-FF2A7D496244}.RelWithDebInfo|x64.Build.0 = RelWithDebInfo|x64
		{C001A723-5A65-3BD9-8ED6-16EB7884B49F}.Debug|x64.ActiveCfg = Debug|x64
		{C001A723-5A65-3BD9-8ED6-16EB7884B49F}.Debug|x64.Build.0 = Debug|x64
		{C001A723-5A65-3BD9-8ED6-16EB7884B49F}.Release|x64.ActiveCfg = Release|x64
		{C001A723-5A65-3BD9-8ED6-16EB7884B49F}.Release|x64.Build.0 = Release|x64
		{C001A723-5A65-3BD9-8ED6-16EB7884B49F}.MinSizeRel|x64.ActiveCfg = MinSizeRel|x64
		{C001A723-5A65-3BD9-8ED6-16EB7884B49F}.MinSizeRel|x64.Build.0 = MinSizeRel|x64
		{C001A723-5A65-3BD9-8ED6-16EB7884B49F}.RelWithDebInfo|x64.ActiveCfg = RelWithDebInfo|x64
		{C001A723-5A65-3BD9-8ED6-16EB7884B49F}.RelWithDebInfo|x64.Build.0 = RelWithDebInfo|x64
		{5CAE21A0-FACE-3F4F-9793-73D95D38AF13}.Debug|x64.ActiveCfg = Debug|x64
		{5CAE21A0-FACE-3F4F-9793-73D95D38AF13}.Debug|x64.Build.0 = Debug|x64
		{5CAE21A0-FACE-3F4F-9793-73D95D38AF13}.Release|x64.ActiveCfg = Release|x64
		{5CAE21A0-FACE-3F4F-9793-73D95D38AF13}.Release|x64.Build.0 = Release|x64
		{5CAE21A0-FACE-3F4F-9793-73D95D38AF13}.MinSizeRel|x64.ActiveCfg = MinSizeRel|x64
		{5CAE21A0-FACE-3F4F-9793-73D95D38AF13}.MinSizeRel|x64.Build.0 = MinSizeRel|x64
		{5CAE21A0-FACE-3F4F-9793-73D95D38AF13}.RelWithDebInfo|x64.ActiveCfg = RelWithDebInfo|x64
		{5CAE21A0-FACE-3F4F-9793-73D95D38AF13}.RelWithDebInfo|x64.Build.0 = RelWithDebInfo|x64
		{3076F1CD-5A1D-3787-A7C8-C98C4FA802FE}.Debug|x64.ActiveCfg = Debug|x64
		{3076F1CD-5A1D-3787-A7C8-C98C4FA802FE}.Debug|x64.Build.0 = Debug|x64
		{3076F1CD-5A1D-3787-A7C8-C98C4FA802FE}.Release|x64.ActiveCfg = Release|x64
		{3076F1CD-5A1D-3787-A7C8-C98C4FA802FE}.Release|x64.Build.0 = Release|x64
		{3076F1CD-5A1D-3787-A7C8-C98C4FA802FE}.MinSizeRel|x64.ActiveCfg = MinSizeRel|x64
		{3076F1CD-5A1D-3787-A7C8-C98C4FA802FE}.MinSizeRel|x64.Build.0 = MinSizeRel|x64
		{3076F1CD-5A1D-3787-A7C8-C98C4FA802FE}.RelWithDebInfo|x64.ActiveCfg = RelWithDebInfo|x64
		{3076F1CD-5A1D-3787-A7C8-C98C4FA802FE}.RelWithDebInfo|x64.Build.0 = RelWithDebInfo|x64
		{65F315BF-7731-35B4-8426-B1C6CF066E13}.Debug|x64.ActiveCfg = Debug|x64
		{65F315BF-7731-35B4-8426-B1C6CF066E13}.Debug|x64.Build.0 = Debug|x64
		{65F315BF-7731-35B4-8426-B1C6CF066E13}.Release|x64.ActiveCfg = Release|x64
		{65F315BF-7731-35B4-8426-B1C6CF066E13}.Release|x64.Build.0 = Release|x64
		{65F315BF-7731-35B4-8426-B1C6CF066E13}.MinSizeRel|x64.ActiveCfg = MinSizeRel|x64
		{65F315BF-7731-35B4-8426-B1C6CF066E13}.MinSizeRel|x64.Build.0 = MinSizeRel|x64
		{65F315BF-7731-35B4-8426-B1C6CF066E13}.RelWithDebInfo|x64.ActiveCfg = RelWithDebInfo|x64
		{65F315BF-7731-35B4-8426-B1C6CF066E13}.RelWithDebInfo|x64.Build.0 = RelWithDebInfo|x64
		{7FC368BF-D524-3F33-820B-39C2F1595557}.Debug|x64.ActiveCfg = Debug|x64
		{7FC368BF-D524-3F33-820B-39C2F1595557}.Debug|x64.Build.0 = Debug|x64
		{7FC368BF-D524-3F33-820B-39C2F1595557}.Release|x64.ActiveCfg = Release|x64
		{7FC368BF-D524-3F33-820B-39C2F1595557}.Release|x64.Build.0 = Release|x64
		{7FC368BF-D524-3F33-820B-39C2F1595557}.MinSizeRel|x64.ActiveCfg = MinSizeRel|x64
		{7FC368BF-D524-3F33-820B-39C2F1595557}.MinSizeRel|x64.Build.0 = MinSizeRel|x64
		{7FC368BF-D524-3F33-820B-39C2F1595557}.RelWithDebInfo|x64.ActiveCfg = RelWithDebInfo|x64
		{7FC368BF-D524-3F33-820B-39C2F1595557}.RelWithDebInfo|x64.Build.0 = RelWithDebInfo|x64
		{956904A4-81B3-31E3-BFE4-A0D467BCFE17}.Debug|x64.ActiveCfg = Debug|x64
		{956904A4-81B3-31E3-BFE4-A0D467BCFE17}.Debug|x64.Build.0 = Debug|x64
		{956904A4-81B3-31E3-BFE4-A0D467BCFE17}.Release|x64.ActiveCfg = Release|x64
		{956904A4-81B3-31E3-BFE4-A0D467BCFE17}.Release|x64.Build.0 = Release|x64
		{956904A4-81B3-31E3-BFE4-A0D467BCFE17}.MinSizeRel|x64.ActiveCfg = MinSizeRel|x64
		{956904A4-81B3-31E3-BFE4-A0D467BCFE17}.MinSizeRel|x64.Build.0 = MinSizeRel|x64
		{956904A4-81B3-31E3-BFE4-A0D467BCFE17}.RelWithDebInfo|x64.ActiveCfg = RelWithDebInfo|x64
		{956904A4-81B3-31E3-BFE4-A0D467BCFE17}.RelWithDebInfo|x64.Build.0 = RelWithDebInfo|x64
		{999AB884-4916-339D-AA14-AAFFF4FCA8CB}.Debug|x64.ActiveCfg = Debug|x64
		{999AB884-4916-339D-AA14-AAFFF4FCA8CB}.Debug|x64.Build.0 = Debug|x64
		{999AB884-4916-339D-AA14-AAFFF4FCA8CB}.Release|x64.ActiveCfg = Release|x64
		{999AB884-4916-339D-AA14-AAFFF4FCA8CB}.Release|x64.Build.0 = Release|x64
		{999AB884-4916-339D-AA14-AAFFF4FCA8CB}.MinSizeRel|x64.ActiveCfg = MinSizeRel|x64
		{999AB884-4916-339D-AA14-AAFFF4FCA8CB}.MinSizeRel|x64.Build.0 = MinSizeRel|x64
		{999AB884-4916-339D-AA14-AAFFF4FCA8CB}.RelWithDebInfo|x64.ActiveCfg = RelWithDebInfo|x64
		{999AB884-4916-339D-AA14-AAFFF4FCA8CB}.RelWithDebInfo|x64.Build.0 = RelWithDebInfo|x64
		{3509E1B0-CAF3-38D7-9E96-712EC70B5560}.Debug|x64.ActiveCfg = Debug|x64
		{3509E1B0-CAF3-38D7-9E96-712EC70B5560}.Debug|x64.Build.0 = Debug|x64
		{3509E1B0-CAF3-38D7-9E96-712EC70B5560}.Release|x64.ActiveCfg = Release|x64
		{3509E1B0-CAF3-38D7-9E96-712EC70B5560}.Release|x64.Build.0 = Release|x64
		{3509E1B0-CAF3-38D7-9E96-712EC70B5560}.MinSizeRel|x64.ActiveCfg = MinSizeRel|x64
		{3509E1B0-CAF3-38D7-9E96-712EC70B5560}.MinSizeRel|x64.Build.0 = MinSizeRel|x64
		{3509E1B0-CAF3-38D7-9E96-712EC70B5560}.RelWithDebInfo|x64.ActiveCfg = RelWithDebInfo|x64
		{3509E1B0-CAF3-38D7-9E96-712EC70B5560}.RelWithDebInfo|x64.Build.0 = RelWithDebInfo|x64
		{54485819-E851-3E81-838B-F84E996269E1}.Debug|x64.ActiveCfg = Debug|x64
		{54485819-E851-3E81-838B-F84E996269E1}.Debug|x64.Build.0 = Debug|x64
		{54485819-E851-3E81-838B-F84E996269E1}.Release|x64.ActiveCfg = Release|x64
		{54485819-E851-3E81-838B-F84E996269E1}.Release|x64.Build.0 = Release|x64
		{54485819-E851-3E81-838B-F84E996269E1}.MinSizeRel|x64.ActiveCfg = MinSizeRel|x64
		{54485819-E851-3E81-838B-F84E996269E1}.MinSizeRel|x64.Build.0 = MinSizeRel|x64
		{54485819-E851-3E81-838B-F84E996269E1}.RelWithDebInfo|x64.ActiveCfg = RelWithDebInfo|x64
		{54485819-E851-3E81-838B-F84E996269E1}.RelWithDebInfo|x64.Build.0 = RelWithDebInfo|x64
		{7DE1F5D9-5F02-3836-AB7F-3CED09BA09F0}.Debug|x64.ActiveCfg = Debug|x64
		{7DE1F5D9-5F02-3836-AB7F-3CED09BA09F0}.Debug|x64.Build.0 = Debug|x64
		{7DE1F5D9-5F02-3836-AB7F-3CED09BA09F0}.Release|x64.ActiveCfg = Release|x64
		{7DE1F5D9-5F02-3836-AB7F-3CED09BA09F0}.Release|x64.Build.0 = Release|x64
		{7DE1F5D9-5F02-3836-AB7F-3CED09BA09F0}.MinSizeRel|x64.ActiveCfg = MinSizeRel|x64
		{7DE1F5D9-5F02-3836-AB7F-3CED09BA09F0}.MinSizeRel|x64.Build.0 = MinSizeRel|x64
		{7DE1F5D9-5F02-3836-AB7F-3CED09BA09F0}.RelWithDebInfo|x64.ActiveCfg = RelWithDebInfo|x64
		{7DE1F5D9-5F02-3836-AB7F-3CED09BA09F0}.RelWithDebInfo|x64.Build.0 = RelWithDebInfo|x64
		{0A4779E9-264B-3458-8590-E7CCFF62AD83}.Debug|x64.ActiveCfg = Debug|x64
		{0A4779E9-264B-3458-8590-E7CCFF62AD83}.Debug|x64.Build.0 = Debug|x64
		{0A4779E9-264B-3458-8590-E7CCFF62AD83}.Release|x64.ActiveCfg = Release|x64
		{0A4779E9-264B-3458-8590-E7CCFF62AD83}.Release|x64.Build.0 = Release|x64
		{0A4779E9-264B-3458-8590-E7CCFF62AD83}.MinSizeRel|x64.ActiveCfg = MinSizeRel|x64
		{0A4779E9-264B-3458-8590-E7CCFF62AD83}.MinSizeRel|x64.Build.0 = MinSizeRel|x64
		{0A4779E9-264B-3458-8590-E7CCFF62AD83}.RelWithDebInfo|x64.ActiveCfg = RelWithDebInfo|x64
		{0A4779E9-264B-3458-8590-E7CCFF62AD83}.RelWithDebInfo|x64.Build.0 = RelWithDebInfo|x64
		{5EC3CB89-A3C3-315A-80BB-349645E5379D}.Debug|x64.ActiveCfg = Debug|x64
		{5EC3CB89-A3C3-315A-80BB-349645E5379D}.Debug|x64.Build.0 = Debug|x64
		{5EC3CB89-A3C3-315A-80BB-349645E5379D}.Release|x64.ActiveCfg = Release|x64
		{5EC3CB89-A3C3-315A-80BB-349645E5379D}.Release|x64.Build.0 = Release|x64
		{5EC3CB89-A3C3-315A-80BB-349645E5379D}.MinSizeRel|x64.ActiveCfg = MinSizeRel|x64
		{5EC3CB89-A3C3-315A-80BB-349645E5379D}.MinSizeRel|x64.Build.0 = MinSizeRel|x64
		{5EC3CB89-A3C3-315A-80BB-349645E5379D}.RelWithDebInfo|x64.ActiveCfg = RelWithDebInfo|x64
		{5EC3CB89-A3C3-315A-80BB-349645E5379D}.RelWithDebInfo|x64.Build.0 = RelWithDebInfo|x64
		{3EBD8EDE-0490-32FE-A9EA-EF6BD6AAB2F7}.Debug|x64.ActiveCfg = Debug|x64
		{3EBD8EDE-0490-32FE-A9EA-EF6BD6AAB2F7}.Debug|x64.Build.0 = Debug|x64
		{3EBD8EDE-0490-32FE-A9EA-EF6BD6AAB2F7}.Release|x64.ActiveCfg = Release|x64
		{3EBD8EDE-0490-32FE-A9EA-EF6BD6AAB2F7}.Release|x64.Build.0 = Release|x64
		{3EBD8EDE-0490-32FE-A9EA-EF6BD6AAB2F7}.MinSizeRel|x64.ActiveCfg = MinSizeRel|x64
		{3EBD8EDE-0490-32FE-A9EA-EF6BD6AAB2F7}.MinSizeRel|x64.Build.0 = MinSizeRel|x64
		{3EBD8EDE-0490-32FE-A9EA-EF6BD6AAB2F7}.RelWithDebInfo|x64.ActiveCfg = RelWithDebInfo|x64
		{3EBD8EDE-0490-32FE-A9EA-EF6BD6AAB2F7}.RelWithDebInfo|x64.Build.0 = RelWithDebInfo|x64
		{C063F8D4-6607-3844-8F2F-1593DBDAF68C}.Debug|x64.ActiveCfg = Debug|x64
		{C063F8D4-6607-3844-8F2F-1593DBDAF68C}.Debug|x64.Build.0 = Debug|x64
		{C063F8D4-6607-3844-8F2F-1593DBDAF68C}.Release|x64.ActiveCfg = Release|x64
		{C063F8D4-6607-3844-8F2F-1593DBDAF68C}.Release|x64.Build.0 = Release|x64
		{C063F8D4-6607-3844-8F2F-1593DBDAF68C}.MinSizeRel|x64.ActiveCfg = MinSizeRel|x64
		{C063F8D4-6607-3844-8F2F-1593DBDAF68C}.MinSizeRel|x64.Build.0 = MinSizeRel|x64
		{C063F8D4-6607-3844-8F2F-1593DBDAF68C}.RelWithDebInfo|x64.ActiveCfg = RelWithDebInfo|x64
		{C063F8D4-6607-3844-8F2F-1593DBDAF68C}.RelWithDebInfo|x64.Build.0 = RelWithDebInfo|x64
		{C1E5DE57-46EA-39A9-BA26-9203D6760B6A}.Debug|x64.ActiveCfg = Debug|x64
		{C1E5DE57-46EA-39A9-BA26-9203D6760B6A}.Debug|x64.Build.0 = Debug|x64
		{C1E5DE57-46EA-39A9-BA26-9203D6760B6A}.Release|x64.ActiveCfg = Release|x64
		{C1E5DE57-46EA-39A9-BA26-9203D6760B6A}.Release|x64.Build.0 = Release|x64
		{C1E5DE57-46EA-39A9-BA26-9203D6760B6A}.MinSizeRel|x64.ActiveCfg = MinSizeRel|x64
		{C1E5DE57-46EA-39A9-BA26-9203D6760B6A}.MinSizeRel|x64.Build.0 = MinSizeRel|x64
		{C1E5DE57-46EA-39A9-BA26-9203D6760B6A}.RelWithDebInfo|x64.ActiveCfg = RelWithDebInfo|x64
		{C1E5DE57-46EA-39A9-BA26-9203D6760B6A}.RelWithDebInfo|x64.Build.0 = RelWithDebInfo|x64
		{D9F5599D-A354-3F8A-8E02-09E1BCC8200F}.Debug|x64.ActiveCfg = Debug|x64
		{D9F5599D-A354-3F8A-8E02-09E1BCC8200F}.Debug|x64.Build.0 = Debug|x64
		{D9F5599D-A354-3F8A-8E02-09E1BCC8200F}.Release|x64.ActiveCfg = Release|x64
		{D9F5599D-A354-3F8A-8E02-09E1BCC8200F}.Release|x64.Build.0 = Release|x64
		{D9F5599D-A354-3F8A-8E02-09E1BCC8200F}.MinSizeRel|x64.ActiveCfg = MinSizeRel|x64
		{D9F5599D-A354-3F8A-8E02-09E1BCC8200F}.MinSizeRel|x64.Build.0 = MinSizeRel|x64
		{D9F5599D-A354-3F8A-8E02-09E1BCC8200F}.RelWithDebInfo|x64.ActiveCfg = RelWithDebInfo|x64
		{D9F5599D-A354-3F8A-8E02-09E1BCC8200F}.RelWithDebInfo|x64.Build.0 = RelWithDebInfo|x64
		{552F2391-25B8-3365-9F93-AC516C30BC1F}.Debug|x64.ActiveCfg = Debug|x64
		{552F2391-25B8-3365-9F93-AC516C30BC1F}.Debug|x64.Build.0 = Debug|x64
		{552F2391-25B8-3365-9F93-AC516C30BC1F}.Release|x64.ActiveCfg = Release|x64
		{552F2391-25B8-3365-9F93-AC516C30BC1F}.Release|x64.Build.0 = Release|x64
		{552F2391-25B8-3365-9F93-AC516C30BC1F}.MinSizeRel|x64.ActiveCfg = MinSizeRel|x64
		{552F2391-25B8-3365-9F93-AC516C30BC1F}.MinSizeRel|x64.Build.0 = MinSizeRel|x64
		{552F2391-25B8-3365-9F93-AC516C30BC1F}.RelWithDebInfo|x64.ActiveCfg = RelWithDebInfo|x64
		{552F2391-25B8-3365-9F93-AC516C30BC1F}.RelWithDebInfo|x64.Build.0 = RelWithDebInfo|x64
		{FD193738-236A-32E5-B34E-EF5C706A5BC1}.Debug|x64.ActiveCfg = Debug|x64
		{FD193738-236A-32E5-B34E-EF5C706A5BC1}.Debug|x64.Build.0 = Debug|x64
		{FD193738-236A-32E5-B34E-EF5C706A5BC1}.Release|x64.ActiveCfg = Release|x64
		{FD193738-236A-32E5-B34E-EF5C706A5BC1}.Release|x64.Build.0 = Release|x64
		{FD193738-236A-32E5-B34E-EF5C706A5BC1}.MinSizeRel|x64.ActiveCfg = MinSizeRel|x64
		{FD193738-236A-32E5-B34E-EF5C706A5BC1}.MinSizeRel|x64.Build.0 = MinSizeRel|x64
		{FD193738-236A-32E5-B34E-EF5C706A5BC1}.RelWithDebInfo|x64.ActiveCfg = RelWithDebInfo|x64
		{FD193738-236A-32E5-B34E-EF5C706A5BC1}.RelWithDebInfo|x64.Build.0 = RelWithDebInfo|x64
		{F4746D8C-FA34-3046-9D29-763EC49A666D}.Debug|x64.ActiveCfg = Debug|x64
		{F4746D8C-FA34-3046-9D29-763EC49A666D}.Debug|x64.Build.0 = Debug|x64
		{F4746D8C-FA34-3046-9D29-763EC49A666D}.Release|x64.ActiveCfg = Release|x64
		{F4746D8C-FA34-3046-9D29-763EC49A666D}.Release|x64.Build.0 = Release|x64
		{F4746D8C-FA34-3046-9D29-763EC49A666D}.MinSizeRel|x64.ActiveCfg = MinSizeRel|x64
		{F4746D8C-FA34-3046-9D29-763EC49A666D}.MinSizeRel|x64.Build.0 = MinSizeRel|x64
		{F4746D8C-FA34-3046-9D29-763EC49A666D}.RelWithDebInfo|x64.ActiveCfg = RelWithDebInfo|x64
		{F4746D8C-FA34-3046-9D29-763EC49A666D}.RelWithDebInfo|x64.Build.0 = RelWithDebInfo|x64
		{79AB7CC4-D749-3D5F-8325-65FEE11545AE}.Debug|x64.ActiveCfg = Debug|x64
		{79AB7CC4-D749-3D5F-8325-65FEE11545AE}.Debug|x64.Build.0 = Debug|x64
		{79AB7CC4-D749-3D5F-8325-65FEE11545AE}.Release|x64.ActiveCfg = Release|x64
		{79AB7CC4-D749-3D5F-8325-65FEE11545AE}.Release|x64.Build.0 = Release|x64
		{79AB7CC4-D749-3D5F-8325-65FEE11545AE}.MinSizeRel|x64.ActiveCfg = MinSizeRel|x64
		{79AB7CC4-D749-3D5F-8325-65FEE11545AE}.MinSizeRel|x64.Build.0 = MinSizeRel|x64
		{79AB7CC4-D749-3D5F-8325-65FEE11545AE}.RelWithDebInfo|x64.ActiveCfg = RelWithDebInfo|x64
		{79AB7CC4-D749-3D5F-8325-65FEE11545AE}.RelWithDebInfo|x64.Build.0 = RelWithDebInfo|x64
		{B5B80EB7-E291-333B-8868-3C939FF9335A}.Debug|x64.ActiveCfg = Debug|x64
		{B5B80EB7-E291-333B-8868-3C939FF9335A}.Debug|x64.Build.0 = Debug|x64
		{B5B80EB7-E291-333B-8868-3C939FF9335A}.Release|x64.ActiveCfg = Release|x64
		{B5B80EB7-E291-333B-8868-3C939FF9335A}.Release|x64.Build.0 = Release|x64
		{B5B80EB7-E291-333B-8868-3C939FF9335A}.MinSizeRel|x64.ActiveCfg = MinSizeRel|x64
		{B5B80EB7-E291-333B-8868-3C939FF9335A}.MinSizeRel|x64.Build.0 = MinSizeRel|x64
		{B5B80EB7-E291-333B-8868-3C939FF9335A}.RelWithDebInfo|x64.ActiveCfg = RelWithDebInfo|x64
		{B5B80EB7-E291-333B-8868-3C939FF9335A}.RelWithDebInfo|x64.Build.0 = RelWithDebInfo|x64
		{E3214557-2ED1-3523-9283-770C85462A62}.Debug|x64.ActiveCfg = Debug|x64
		{E3214557-2ED1-3523-9283-770C85462A62}.Release|x64.ActiveCfg = Release|x64
		{E3214557-2ED1-3523-9283-770C85462A62}.MinSizeRel|x64.ActiveCfg = MinSizeRel|x64
		{E3214557-2ED1-3523-9283-770C85462A62}.RelWithDebInfo|x64.ActiveCfg = RelWithDebInfo|x64
		{58106AFC-2726-3943-B188-BB85A4C0000E}.Debug|x64.ActiveCfg = Debug|x64
		{58106AFC-2726-3943-B188-BB85A4C0000E}.Release|x64.ActiveCfg = Release|x64
		{58106AFC-2726-3943-B188-BB85A4C0000E}.MinSizeRel|x64.ActiveCfg = MinSizeRel|x64
		{58106AFC-2726-3943-B188-BB85A4C0000E}.RelWithDebInfo|x64.ActiveCfg = RelWithDebInfo|x64
		{E2A77743-BEB7-3B0F-8216-9F35C8AC8586}.Debug|x64.ActiveCfg = Debug|x64
		{E2A77743-BEB7-3B0F-8216-9F35C8AC8586}.Debug|x64.Build.0 = Debug|x64
		{E2A77743-BEB7-3B0F-8216-9F35C8AC8586}.Release|x64.ActiveCfg = Release|x64
		{E2A77743-BEB7-3B0F-8216-9F35C8AC8586}.Release|x64.Build.0 = Release|x64
		{E2A77743-BEB7-3B0F-8216-9F35C8AC8586}.MinSizeRel|x64.ActiveCfg = MinSizeRel|x64
		{E2A77743-BEB7-3B0F-8216-9F35C8AC8586}.MinSizeRel|x64.Build.0 = MinSizeRel|x64
		{E2A77743-BEB7-3B0F-8216-9F35C8AC8586}.RelWithDebInfo|x64.ActiveCfg = RelWithDebInfo|x64
		{E2A77743-BEB7-3B0F-8216-9F35C8AC8586}.RelWithDebInfo|x64.Build.0 = RelWithDebInfo|x64
		{DE6138F6-2729-371D-87D5-1DDE01730D1E}.Debug|x64.ActiveCfg = Debug|x64
		{DE6138F6-2729-371D-87D5-1DDE01730D1E}.Debug|x64.Build.0 = Debug|x64
		{DE6138F6-2729-371D-87D5-1DDE01730D1E}.Release|x64.ActiveCfg = Release|x64
		{DE6138F6-2729-371D-87D5-1DDE01730D1E}.Release|x64.Build.0 = Release|x64
		{DE6138F6-2729-371D-87D5-1DDE01730D1E}.MinSizeRel|x64.ActiveCfg = MinSizeRel|x64
		{DE6138F6-2729-371D-87D5-1DDE01730D1E}.MinSizeRel|x64.Build.0 = MinSizeRel|x64
		{DE6138F6-2729-371D-87D5-1DDE01730D1E}.RelWithDebInfo|x64.ActiveCfg = RelWithDebInfo|x64
		{DE6138F6-2729-371D-87D5-1DDE01730D1E}.RelWithDebInfo|x64.Build.0 = RelWithDebInfo|x64
	EndGlobalSection
	GlobalSection(NestedProjects) = preSolution
		{57544AF7-9731-370A-80C7-3BF891026DD2} = {62012D71-BBC5-33FB-9EC3-B426D9C06138}
		{B495452C-C98F-385E-9D04-D471EE378751} = {62012D71-BBC5-33FB-9EC3-B426D9C06138}
		{53C5DA7A-2DFA-389B-BC16-E6142D55EF27} = {62012D71-BBC5-33FB-9EC3-B426D9C06138}
		{5BD65CE3-E47A-375C-817C-4CB0B7A2E5B9} = {7D5DF20A-7747-396B-AA5F-582F8553A0A2}
		{D4E197E4-3027-3921-AA21-1360F6B2D95C} = {7D5DF20A-7747-396B-AA5F-582F8553A0A2}
		{C001A723-5A65-3BD9-8ED6-16EB7884B49F} = {7D5DF20A-7747-396B-AA5F-582F8553A0A2}
		{E3214557-2ED1-3523-9283-770C85462A62} = {7D5DF20A-7747-396B-AA5F-582F8553A0A2}
		{58106AFC-2726-3943-B188-BB85A4C0000E} = {7D5DF20A-7747-396B-AA5F-582F8553A0A2}
		{8E1EDD3A-2A9B-3C62-8498-489C42457AF3} = {5BD65CE3-E47A-375C-817C-4CB0B7A2E5B9}
		{EB75467E-2444-3244-9EF4-FF2A7D496244} = {5BD65CE3-E47A-375C-817C-4CB0B7A2E5B9}
		{3076F1CD-5A1D-3787-A7C8-C98C4FA802FE} = {5BD65CE3-E47A-375C-817C-4CB0B7A2E5B9}
		{7DE1F5D9-5F02-3836-AB7F-3CED09BA09F0} = {5BD65CE3-E47A-375C-817C-4CB0B7A2E5B9}
		{5EC3CB89-A3C3-315A-80BB-349645E5379D} = {5BD65CE3-E47A-375C-817C-4CB0B7A2E5B9}
		{C063F8D4-6607-3844-8F2F-1593DBDAF68C} = {5BD65CE3-E47A-375C-817C-4CB0B7A2E5B9}
		{C1E5DE57-46EA-39A9-BA26-9203D6760B6A} = {5BD65CE3-E47A-375C-817C-4CB0B7A2E5B9}
		{D9F5599D-A354-3F8A-8E02-09E1BCC8200F} = {5BD65CE3-E47A-375C-817C-4CB0B7A2E5B9}
		{E2A77743-BEB7-3B0F-8216-9F35C8AC8586} = {5BD65CE3-E47A-375C-817C-4CB0B7A2E5B9}
		{EBA2E585-6BE1-379B-AD3E-8675CC5DC260} = {D4E197E4-3027-3921-AA21-1360F6B2D95C}
		{E15491B4-C8BC-3019-8DD6-06FF96BFF486} = {D4E197E4-3027-3921-AA21-1360F6B2D95C}
		{EABC78EE-A66A-37E1-AB11-45F66447BB7E} = {D4E197E4-3027-3921-AA21-1360F6B2D95C}
		{9A5A5369-C74D-3953-A53A-B1B42313CBA1} = {D4E197E4-3027-3921-AA21-1360F6B2D95C}
		{7068CCEE-14C7-3FE9-AB05-113A82C231A2} = {D4E197E4-3027-3921-AA21-1360F6B2D95C}
		{5CAE21A0-FACE-3F4F-9793-73D95D38AF13} = {D4E197E4-3027-3921-AA21-1360F6B2D95C}
		{65F315BF-7731-35B4-8426-B1C6CF066E13} = {D4E197E4-3027-3921-AA21-1360F6B2D95C}
		{7FC368BF-D524-3F33-820B-39C2F1595557} = {D4E197E4-3027-3921-AA21-1360F6B2D95C}
		{956904A4-81B3-31E3-BFE4-A0D467BCFE17} = {D4E197E4-3027-3921-AA21-1360F6B2D95C}
		{999AB884-4916-339D-AA14-AAFFF4FCA8CB} = {D4E197E4-3027-3921-AA21-1360F6B2D95C}
		{3509E1B0-CAF3-38D7-9E96-712EC70B5560} = {D4E197E4-3027-3921-AA21-1360F6B2D95C}
		{54485819-E851-3E81-838B-F84E996269E1} = {D4E197E4-3027-3921-AA21-1360F6B2D95C}
		{0A4779E9-264B-3458-8590-E7CCFF62AD83} = {D4E197E4-3027-3921-AA21-1360F6B2D95C}
		{3EBD8EDE-0490-32FE-A9EA-EF6BD6AAB2F7} = {D4E197E4-3027-3921-AA21-1360F6B2D95C}
		{552F2391-25B8-3365-9F93-AC516C30BC1F} = {D4E197E4-3027-3921-AA21-1360F6B2D95C}
		{FD193738-236A-32E5-B34E-EF5C706A5BC1} = {D4E197E4-3027-3921-AA21-1360F6B2D95C}
		{F4746D8C-FA34-3046-9D29-763EC49A666D} = {D4E197E4-3027-3921-AA21-1360F6B2D95C}
		{79AB7CC4-D749-3D5F-8325-65FEE11545AE} = {D4E197E4-3027-3921-AA21-1360F6B2D95C}
		{B5B80EB7-E291-333B-8868-3C939FF9335A} = {D4E197E4-3027-3921-AA21-1360F6B2D95C}
		{DE6138F6-2729-371D-87D5-1DDE01730D1E} = {D4E197E4-3027-3921-AA21-1360F6B2D95C}
	EndGlobalSection
	GlobalSection(ExtensibilityGlobals) = postSolution
		SolutionGuid = {9CACE074-3916-3927-B191-E6AA0658D8F3}
	EndGlobalSection
	GlobalSection(ExtensibilityAddIns) = postSolution
	EndGlobalSection
EndGlobal
